
Microsoft Visual Studio Solution File, Format Version 12.00
# Visual Studio Version 17
VisualStudioVersion = 17.8.34309.116
MinimumVisualStudioVersion = 10.0.40219.1
Project("{FAE04EC0-301F-11D3-BF4B-00C04F79EFBC}") = "SLibraryConsole", "SLibrary.Console\SLibraryConsole.csproj", "{F23A2DAD-F41B-428D-B02B-3AC546074424}"
EndProject
Project("{FAE04EC0-301F-11D3-BF4B-00C04F79EFBC}") = "SLibrary.Business", "SLibrary.Business\SLibrary.Business.csproj", "{48EE08D7-0531-488F-B73E-19516F42B968}"
EndProject
Project("{FAE04EC0-301F-11D3-BF4B-00C04F79EFBC}") = "SLibrary.DataAccess", "SLibrary.DataAccess\SLibrary.DataAccess.csproj", "{4A093119-9EC2-4765-942D-86F969B236BE}"
EndProject
Project("{FAE04EC0-301F-11D3-BF4B-00C04F79EFBC}") = "Shared", "Shared\Shared.csproj", "{9DF894E8-7B2A-422E-95BF-693C0FE775D1}"
EndProject
Global
	GlobalSection(SolutionConfigurationPlatforms) = preSolution
		Debug|Any CPU = Debug|Any CPU
		Release|Any CPU = Release|Any CPU
	EndGlobalSection
	GlobalSection(ProjectConfigurationPlatforms) = postSolution
		{F23A2DAD-F41B-428D-B02B-3AC546074424}.Debug|Any CPU.ActiveCfg = Debug|Any CPU
		{F23A2DAD-F41B-428D-B02B-3AC546074424}.Debug|Any CPU.Build.0 = Debug|Any CPU
		{F23A2DAD-F41B-428D-B02B-3AC546074424}.Release|Any CPU.ActiveCfg = Release|Any CPU
		{F23A2DAD-F41B-428D-B02B-3AC546074424}.Release|Any CPU.Build.0 = Release|Any CPU
		{48EE08D7-0531-488F-B73E-19516F42B968}.Debug|Any CPU.ActiveCfg = Debug|Any CPU
		{48EE08D7-0531-488F-B73E-19516F42B968}.Debug|Any CPU.Build.0 = Debug|Any CPU
		{48EE08D7-0531-488F-B73E-19516F42B968}.Release|Any CPU.ActiveCfg = Release|Any CPU
		{48EE08D7-0531-488F-B73E-19516F42B968}.Release|Any CPU.Build.0 = Release|Any CPU
		{4A093119-9EC2-4765-942D-86F969B236BE}.Debug|Any CPU.ActiveCfg = Debug|Any CPU
		{4A093119-9EC2-4765-942D-86F969B236BE}.Debug|Any CPU.Build.0 = Debug|Any CPU
		{4A093119-9EC2-4765-942D-86F969B236BE}.Release|Any CPU.ActiveCfg = Release|Any CPU
		{4A093119-9EC2-4765-942D-86F969B236BE}.Release|Any CPU.Build.0 = Release|Any CPU
		{9DF894E8-7B2A-422E-95BF-693C0FE775D1}.Debug|Any CPU.ActiveCfg = Debug|Any CPU
		{9DF894E8-7B2A-422E-95BF-693C0FE775D1}.Debug|Any CPU.Build.0 = Debug|Any CPU
		{9DF894E8-7B2A-422E-95BF-693C0FE775D1}.Release|Any CPU.ActiveCfg = Release|Any CPU
		{9DF894E8-7B2A-422E-95BF-693C0FE775D1}.Release|Any CPU.Build.0 = Release|Any CPU
	EndGlobalSection
	GlobalSection(SolutionProperties) = preSolution
		HideSolutionNode = FALSE
	EndGlobalSection
	GlobalSection(ExtensibilityGlobals) = postSolution
		SolutionGuid = {0A4B6DB6-7E2A-4C99-969D-E9736B95154E}
	EndGlobalSection
EndGlobal
